// !$*UTF8*$!
{
	archiveVersion = 1;
	classes = {
	};
	objectVersion = 56;
	objects = {

/* Begin PBXBuildFile section */
		2FD315552A41CDA7000F04D7 /* ShowPlayerApp.swift in Sources */ = {isa = PBXBuildFile; fileRef = 2FD315542A41CDA7000F04D7 /* ShowPlayerApp.swift */; };
		2FD315572A41CDA7000F04D7 /* ContentView.swift in Sources */ = {isa = PBXBuildFile; fileRef = 2FD315562A41CDA7000F04D7 /* ContentView.swift */; };
		2FD315592A41CDA7000F04D7 /* Assets.xcassets in Resources */ = {isa = PBXBuildFile; fileRef = 2FD315582A41CDA7000F04D7 /* Assets.xcassets */; };
		2FD3155C2A41CDA7000F04D7 /* Preview Assets.xcassets in Resources */ = {isa = PBXBuildFile; fileRef = 2FD3155B2A41CDA7000F04D7 /* Preview Assets.xcassets */; };
		2FD315642A41CDD9000F04D7 /* vids.json in Resources */ = {isa = PBXBuildFile; fileRef = 2FD315632A41CDD9000F04D7 /* vids.json */; };
		2FD315662A41CDF4000F04D7 /* PlayerView.swift in Sources */ = {isa = PBXBuildFile; fileRef = 2FD315652A41CDF4000F04D7 /* PlayerView.swift */; };
		2FD315682A41CDFB000F04D7 /* ViewModel.swift in Sources */ = {isa = PBXBuildFile; fileRef = 2FD315672A41CDFB000F04D7 /* ViewModel.swift */; };
/* End PBXBuildFile section */

/* Begin PBXFileReference section */
		2FD315512A41CDA7000F04D7 /* ShowPlayer.app */ = {isa = PBXFileReference; explicitFileType = wrapper.application; includeInIndex = 0; path = ShowPlayer.app; sourceTree = BUILT_PRODUCTS_DIR; };
		2FD315542A41CDA7000F04D7 /* ShowPlayerApp.swift */ = {isa = PBXFileReference; lastKnownFileType = sourcecode.swift; path = ShowPlayerApp.swift; sourceTree = "<group>"; };
		2FD315562A41CDA7000F04D7 /* ContentView.swift */ = {isa = PBXFileReference; lastKnownFileType = sourcecode.swift; path = ContentView.swift; sourceTree = "<group>"; };
		2FD315582A41CDA7000F04D7 /* Assets.xcassets */ = {isa = PBXFileReference; lastKnownFileType = folder.assetcatalog; path = Assets.xcassets; sourceTree = "<group>"; };
		2FD3155B2A41CDA7000F04D7 /* Preview Assets.xcassets */ = {isa = PBXFileReference; lastKnownFileType = folder.assetcatalog; path = "Preview Assets.xcassets"; sourceTree = "<group>"; };
		2FD315632A41CDD9000F04D7 /* vids.json */ = {isa = PBXFileReference; fileEncoding = 4; lastKnownFileType = text.json; path = vids.json; sourceTree = "<group>"; };
		2FD315652A41CDF4000F04D7 /* PlayerView.swift */ = {isa = PBXFileReference; fileEncoding = 4; lastKnownFileType = sourcecode.swift; path = PlayerView.swift; sourceTree = "<group>"; };
		2FD315672A41CDFB000F04D7 /* ViewModel.swift */ = {isa = PBXFileReference; fileEncoding = 4; lastKnownFileType = sourcecode.swift; path = ViewModel.swift; sourceTree = "<group>"; };
		2FD315692A41CE0E000F04D7 /* ShowPlayer.entitlements */ = {isa = PBXFileReference; lastKnownFileType = text.plist.entitlements; path = ShowPlayer.entitlements; sourceTree = "<group>"; };
		2FD3156A2A41CE49000F04D7 /* Info.plist */ = {isa = PBXFileReference; lastKnownFileType = text.plist; path = Info.plist; sourceTree = "<group>"; };
/* End PBXFileReference section */

/* Begin PBXFrameworksBuildPhase section */
		2FD3154E2A41CDA7000F04D7 /* Frameworks */ = {
			isa = PBXFrameworksBuildPhase;
			buildActionMask = 2147483647;
			files = (
			);
			runOnlyForDeploymentPostprocessing = 0;
		};
/* End PBXFrameworksBuildPhase section */

/* Begin PBXGroup section */
		2FD315482A41CDA7000F04D7 = {
			isa = PBXGroup;
			children = (
				2FD315532A41CDA7000F04D7 /* ShowPlayer */,
				2FD315522A41CDA7000F04D7 /* Products */,
			);
			sourceTree = "<group>";
		};
		2FD315522A41CDA7000F04D7 /* Products */ = {
			isa = PBXGroup;
			children = (
				2FD315512A41CDA7000F04D7 /* ShowPlayer.app */,
			);
			name = Products;
			sourceTree = "<group>";
		};
		2FD315532A41CDA7000F04D7 /* ShowPlayer */ = {
			isa = PBXGroup;
			children = (
				2FD3156A2A41CE49000F04D7 /* Info.plist */,
				2FD315692A41CE0E000F04D7 /* ShowPlayer.entitlements */,
				2FD315542A41CDA7000F04D7 /* ShowPlayerApp.swift */,
				2FD315562A41CDA7000F04D7 /* ContentView.swift */,
				2FD315652A41CDF4000F04D7 /* PlayerView.swift */,
				2FD315672A41CDFB000F04D7 /* ViewModel.swift */,
				2FD315582A41CDA7000F04D7 /* Assets.xcassets */,
				2FD315622A41CDD9000F04D7 /* movies */,
				2FD3155A2A41CDA7000F04D7 /* Preview Content */,
			);
			path = ShowPlayer;
			sourceTree = "<group>";
		};
		2FD3155A2A41CDA7000F04D7 /* Preview Content */ = {
			isa = PBXGroup;
			children = (
				2FD3155B2A41CDA7000F04D7 /* Preview Assets.xcassets */,
			);
			path = "Preview Content";
			sourceTree = "<group>";
		};
		2FD315622A41CDD9000F04D7 /* movies */ = {
			isa = PBXGroup;
			children = (
				2FD315632A41CDD9000F04D7 /* vids.json */,
			);
			path = movies;
			sourceTree = "<group>";
		};
/* End PBXGroup section */

/* Begin PBXNativeTarget section */
		2FD315502A41CDA7000F04D7 /* ShowPlayer */ = {
			isa = PBXNativeTarget;
			buildConfigurationList = 2FD3155F2A41CDA7000F04D7 /* Build configuration list for PBXNativeTarget "ShowPlayer" */;
			buildPhases = (
				2FD3154D2A41CDA7000F04D7 /* Sources */,
				2FD3154E2A41CDA7000F04D7 /* Frameworks */,
				2FD3154F2A41CDA7000F04D7 /* Resources */,
			);
			buildRules = (
			);
			dependencies = (
			);
			name = ShowPlayer;
			productName = ShowPlayer;
			productReference = 2FD315512A41CDA7000F04D7 /* ShowPlayer.app */;
			productType = "com.apple.product-type.application";
		};
/* End PBXNativeTarget section */

/* Begin PBXProject section */
		2FD315492A41CDA7000F04D7 /* Project object */ = {
			isa = PBXProject;
			attributes = {
				BuildIndependentTargetsInParallel = 1;
				LastSwiftUpdateCheck = 1430;
				LastUpgradeCheck = 1430;
				TargetAttributes = {
					2FD315502A41CDA7000F04D7 = {
						CreatedOnToolsVersion = 14.3.1;
					};
				};
			};
			buildConfigurationList = 2FD3154C2A41CDA7000F04D7 /* Build configuration list for PBXProject "ShowPlayer" */;
			compatibilityVersion = "Xcode 14.0";
			developmentRegion = en;
			hasScannedForEncodings = 0;
			knownRegions = (
				en,
				Base,
			);
			mainGroup = 2FD315482A41CDA7000F04D7;
			productRefGroup = 2FD315522A41CDA7000F04D7 /* Products */;
			projectDirPath = "";
			projectRoot = "";
			targets = (
				2FD315502A41CDA7000F04D7 /* ShowPlayer */,
			);
		};
/* End PBXProject section */

/* Begin PBXResourcesBuildPhase section */
		2FD3154F2A41CDA7000F04D7 /* Resources */ = {
			isa = PBXResourcesBuildPhase;
			buildActionMask = 2147483647;
			files = (
				2FD3155C2A41CDA7000F04D7 /* Preview Assets.xcassets in Resources */,
				2FD315642A41CDD9000F04D7 /* vids.json in Resources */,
				2FD315592A41CDA7000F04D7 /* Assets.xcassets in Resources */,
			);
			runOnlyForDeploymentPostprocessing = 0;
		};
/* End PBXResourcesBuildPhase section */

/* Begin PBXSourcesBuildPhase section */
		2FD3154D2A41CDA7000F04D7 /* Sources */ = {
			isa = PBXSourcesBuildPhase;
			buildActionMask = 2147483647;
			files = (
				2FD315662A41CDF4000F04D7 /* PlayerView.swift in Sources */,
				2FD315572A41CDA7000F04D7 /* ContentView.swift in Sources */,
				2FD315682A41CDFB000F04D7 /* ViewModel.swift in Sources */,
				2FD315552A41CDA7000F04D7 /* ShowPlayerApp.swift in Sources */,
			);
			runOnlyForDeploymentPostprocessing = 0;
		};
/* End PBXSourcesBuildPhase section */

/* Begin XCBuildConfiguration section */
		2FD3155D2A41CDA7000F04D7 /* Debug */ = {
			isa = XCBuildConfiguration;
			buildSettings = {
				ALWAYS_SEARCH_USER_PATHS = NO;
				CLANG_ANALYZER_NONNULL = YES;
				CLANG_ANALYZER_NUMBER_OBJECT_CONVERSION = YES_AGGRESSIVE;
				CLANG_CXX_LANGUAGE_STANDARD = "gnu++20";
				CLANG_ENABLE_MODULES = YES;
				CLANG_ENABLE_OBJC_ARC = YES;
				CLANG_ENABLE_OBJC_WEAK = YES;
				CLANG_WARN_BLOCK_CAPTURE_AUTORELEASING = YES;
				CLANG_WARN_BOOL_CONVERSION = YES;
				CLANG_WARN_COMMA = YES;
				CLANG_WARN_CONSTANT_CONVERSION = YES;
				CLANG_WARN_DEPRECATED_OBJC_IMPLEMENTATIONS = YES;
				CLANG_WARN_DIRECT_OBJC_ISA_USAGE = YES_ERROR;
				CLANG_WARN_DOCUMENTATION_COMMENTS = YES;
				CLANG_WARN_EMPTY_BODY = YES;
				CLANG_WARN_ENUM_CONVERSION = YES;
				CLANG_WARN_INFINITE_RECURSION = YES;
				CLANG_WARN_INT_CONVERSION = YES;
				CLANG_WARN_NON_LITERAL_NULL_CONVERSION = YES;
				CLANG_WARN_OBJC_IMPLICIT_RETAIN_SELF = YES;
				CLANG_WARN_OBJC_LITERAL_CONVERSION = YES;
				CLANG_WARN_OBJC_ROOT_CLASS = YES_ERROR;
				CLANG_WARN_QUOTED_INCLUDE_IN_FRAMEWORK_HEADER = YES;
				CLANG_WARN_RANGE_LOOP_ANALYSIS = YES;
				CLANG_WARN_STRICT_PROTOTYPES = YES;
				CLANG_WARN_SUSPICIOUS_MOVE = YES;
				CLANG_WARN_UNGUARDED_AVAILABILITY = YES_AGGRESSIVE;
				CLANG_WARN_UNREACHABLE_CODE = YES;
				CLANG_WARN__DUPLICATE_METHOD_MATCH = YES;
				COPY_PHASE_STRIP = NO;
				DEBUG_INFORMATION_FORMAT = dwarf;
				ENABLE_STRICT_OBJC_MSGSEND = YES;
				ENABLE_TESTABILITY = YES;
				GCC_C_LANGUAGE_STANDARD = gnu11;
				GCC_DYNAMIC_NO_PIC = NO;
				GCC_NO_COMMON_BLOCKS = YES;
				GCC_OPTIMIZATION_LEVEL = 0;
				GCC_PREPROCESSOR_DEFINITIONS = (
					"DEBUG=1",
					"$(inherited)",
				);
				GCC_WARN_64_TO_32_BIT_CONVERSION = YES;
				GCC_WARN_ABOUT_RETURN_TYPE = YES_ERROR;
				GCC_WARN_UNDECLARED_SELECTOR = YES;
				GCC_WARN_UNINITIALIZED_AUTOS = YES_AGGRESSIVE;
				GCC_WARN_UNUSED_FUNCTION = YES;
				GCC_WARN_UNUSED_VARIABLE = YES;
				IPHONEOS_DEPLOYMENT_TARGET = 16.4;
				MTL_ENABLE_DEBUG_INFO = INCLUDE_SOURCE;
				MTL_FAST_MATH = YES;
				ONLY_ACTIVE_ARCH = YES;
				SDKROOT = iphoneos;
				SWIFT_ACTIVE_COMPILATION_CONDITIONS = DEBUG;
				SWIFT_OPTIMIZATION_LEVEL = "-Onone";
			};
			name = Debug;
		};
		2FD3155E2A41CDA7000F04D7 /* Release */ = {
			isa = XCBuildConfiguration;
			buildSettings = {
				ALWAYS_SEARCH_USER_PATHS = NO;
				CLANG_ANALYZER_NONNULL = YES;
				CLANG_ANALYZER_NUMBER_OBJECT_CONVERSION = YES_AGGRESSIVE;
				CLANG_CXX_LANGUAGE_STANDARD = "gnu++20";
				CLANG_ENABLE_MODULES = YES;
				CLANG_ENABLE_OBJC_ARC = YES;
				CLANG_ENABLE_OBJC_WEAK = YES;
				CLANG_WARN_BLOCK_CAPTURE_AUTORELEASING = YES;
				CLANG_WARN_BOOL_CONVERSION = YES;
				CLANG_WARN_COMMA = YES;
				CLANG_WARN_CONSTANT_CONVERSION = YES;
				CLANG_WARN_DEPRECATED_OBJC_IMPLEMENTATIONS = YES;
				CLANG_WARN_DIRECT_OBJC_ISA_USAGE = YES_ERROR;
				CLANG_WARN_DOCUMENTATION_COMMENTS = YES;
				CLANG_WARN_EMPTY_BODY = YES;
				CLANG_WARN_ENUM_CONVERSION = YES;
				CLANG_WARN_INFINITE_RECURSION = YES;
				CLANG_WARN_INT_CONVERSION = YES;
				CLANG_WARN_NON_LITERAL_NULL_CONVERSION = YES;
				CLANG_WARN_OBJC_IMPLICIT_RETAIN_SELF = YES;
				CLANG_WARN_OBJC_LITERAL_CONVERSION = YES;
				CLANG_WARN_OBJC_ROOT_CLASS = YES_ERROR;
				CLANG_WARN_QUOTED_INCLUDE_IN_FRAMEWORK_HEADER = YES;
				CLANG_WARN_RANGE_LOOP_ANALYSIS = YES;
				CLANG_WARN_STRICT_PROTOTYPES = YES;
				CLANG_WARN_SUSPICIOUS_MOVE = YES;
				CLANG_WARN_UNGUARDED_AVAILABILITY = YES_AGGRESSIVE;
				CLANG_WARN_UNREACHABLE_CODE = YES;
				CLANG_WARN__DUPLICATE_METHOD_MATCH = YES;
				COPY_PHASE_STRIP = NO;
				DEBUG_INFORMATION_FORMAT = "dwarf-with-dsym";
				ENABLE_NS_ASSERTIONS = NO;
				ENABLE_STRICT_OBJC_MSGSEND = YES;
				GCC_C_LANGUAGE_STANDARD = gnu11;
				GCC_NO_COMMON_BLOCKS = YES;
				GCC_WARN_64_TO_32_BIT_CONVERSION = YES;
				GCC_WARN_ABOUT_RETURN_TYPE = YES_ERROR;
				GCC_WARN_UNDECLARED_SELECTOR = YES;
				GCC_WARN_UNINITIALIZED_AUTOS = YES_AGGRESSIVE;
				GCC_WARN_UNUSED_FUNCTION = YES;
				GCC_WARN_UNUSED_VARIABLE = YES;
				IPHONEOS_DEPLOYMENT_TARGET = 16.4;
				MTL_ENABLE_DEBUG_INFO = NO;
				MTL_FAST_MATH = YES;
				SDKROOT = iphoneos;
				SWIFT_COMPILATION_MODE = wholemodule;
				SWIFT_OPTIMIZATION_LEVEL = "-O";
				VALIDATE_PRODUCT = YES;
			};
			name = Release;
		};
		2FD315602A41CDA7000F04D7 /* Debug */ = {
			isa = XCBuildConfiguration;
			buildSettings = {
				ASSETCATALOG_COMPILER_APPICON_NAME = AppIcon;
				ASSETCATALOG_COMPILER_GLOBAL_ACCENT_COLOR_NAME = AccentColor;
				CODE_SIGN_ENTITLEMENTS = ShowPlayer/ShowPlayer.entitlements;
				CODE_SIGN_STYLE = Automatic;
				CURRENT_PROJECT_VERSION = 1;
				DEVELOPMENT_ASSET_PATHS = "\"ShowPlayer/Preview Content\"";
				DEVELOPMENT_TEAM = 4NY9EY68HK;
				ENABLE_PREVIEWS = YES;
				GENERATE_INFOPLIST_FILE = YES;
				INFOPLIST_FILE = ShowPlayer/Info.plist;
				INFOPLIST_KEY_UIApplicationSupportsIndirectInputEvents = YES;
				INFOPLIST_KEY_UILaunchScreen_Generation = YES;
				INFOPLIST_KEY_UISupportedInterfaceOrientations_iPad = "UIInterfaceOrientationPortrait UIInterfaceOrientationPortraitUpsideDown UIInterfaceOrientationLandscapeLeft UIInterfaceOrientationLandscapeRight";
				INFOPLIST_KEY_UISupportedInterfaceOrientations_iPhone = "UIInterfaceOrientationPortrait UIInterfaceOrientationLandscapeLeft UIInterfaceOrientationLandscapeRight";
				LD_RUNPATH_SEARCH_PATHS = (
					"$(inherited)",
					"@executable_path/Frameworks",
				);
				MARKETING_VERSION = 1.0;
				PRODUCT_BUNDLE_IDENTIFIER = tigerClaw.ShowPlayer;
				PRODUCT_NAME = "$(TARGET_NAME)";
				SUPPORTED_PLATFORMS = "iphoneos iphonesimulator";
				SUPPORTS_MACCATALYST = YES;
				SUPPORTS_MAC_DESIGNED_FOR_IPHONE_IPAD = YES;
				SWIFT_EMIT_LOC_STRINGS = YES;
				SWIFT_VERSION = 5.0;
				TARGETED_DEVICE_FAMILY = "1,2";
			};
			name = Debug;
		};
		2FD315612A41CDA7000F04D7 /* Release */ = {
			isa = XCBuildConfiguration;
			buildSettings = {
				ASSETCATALOG_COMPILER_APPICON_NAME = AppIcon;
				ASSETCATALOG_COMPILER_GLOBAL_ACCENT_COLOR_NAME = AccentColor;
				CODE_SIGN_ENTITLEMENTS = ShowPlayer/ShowPlayer.entitlements;
				CODE_SIGN_STYLE = Automatic;
				CURRENT_PROJECT_VERSION = 1;
				DEVELOPMENT_ASSET_PATHS = "\"ShowPlayer/Preview Content\"";
				DEVELOPMENT_TEAM = 4NY9EY68HK;
				ENABLE_PREVIEWS = YES;
				GENERATE_INFOPLIST_FILE = YES;
				INFOPLIST_FILE = ShowPlayer/Info.plist;
				INFOPLIST_KEY_UIApplicationSupportsIndirectInputEvents = YES;
				INFOPLIST_KEY_UILaunchScreen_Generation = YES;
				INFOPLIST_KEY_UISupportedInterfaceOrientations_iPad = "UIInterfaceOrientationPortrait UIInterfaceOrientationPortraitUpsideDown UIInterfaceOrientationLandscapeLeft UIInterfaceOrientationLandscapeRight";
				INFOPLIST_KEY_UISupportedInterfaceOrientations_iPhone = "UIInterfaceOrientationPortrait UIInterfaceOrientationLandscapeLeft UIInterfaceOrientationLandscapeRight";
				LD_RUNPATH_SEARCH_PATHS = (
					"$(inherited)",
					"@executable_path/Frameworks",
				);
				MARKETING_VERSION = 1.0;
				PRODUCT_BUNDLE_IDENTIFIER = tigerClaw.ShowPlayer;
				PRODUCT_NAME = "$(TARGET_NAME)";
				SUPPORTED_PLATFORMS = "iphoneos iphonesimulator";
				SUPPORTS_MACCATALYST = YES;
				SUPPORTS_MAC_DESIGNED_FOR_IPHONE_IPAD = YES;
				SWIFT_EMIT_LOC_STRINGS = YES;
				SWIFT_VERSION = 5.0;
				TARGETED_DEVICE_FAMILY = "1,2";
			};
			name = Release;
		};
/* End XCBuildConfiguration section */

/* Begin XCConfigurationList section */
		2FD3154C2A41CDA7000F04D7 /* Build configuration list for PBXProject "ShowPlayer" */ = {
			isa = XCConfigurationList;
			buildConfigurations = (
				2FD3155D2A41CDA7000F04D7 /* Debug */,
				2FD3155E2A41CDA7000F04D7 /* Release */,
			);
			defaultConfigurationIsVisible = 0;
			defaultConfigurationName = Release;
		};
		2FD3155F2A41CDA7000F04D7 /* Build configuration list for PBXNativeTarget "ShowPlayer" */ = {
			isa = XCConfigurationList;
			buildConfigurations = (
				2FD315602A41CDA7000F04D7 /* Debug */,
				2FD315612A41CDA7000F04D7 /* Release */,
			);
			defaultConfigurationIsVisible = 0;
			defaultConfigurationName = Release;
		};
/* End XCConfigurationList section */
	};
	rootObject = 2FD315492A41CDA7000F04D7 /* Project object */;
}
